
Microsoft Visual Studio Solution File, Format Version 12.00
# Visual Studio Version 18
VisualStudioVersion = 18.0.11222.15
MinimumVisualStudioVersion = 10.0.40219.1
Project("{2150E333-8FDC-42A3-9474-1A3956D46DE8}") = "src", "src", "{827E0CD3-B72D-47B6-A68D-7590B98EB39B}"
EndProject
Project("{FAE04EC0-301F-11D3-BF4B-00C04F79EFBC}") = "FTPSheep.CLI", "src\FTPSheep.CLI\FTPSheep.CLI.csproj", "{23E03093-B249-4410-A145-6422495B82AD}"
EndProject
Project("{FAE04EC0-301F-11D3-BF4B-00C04F79EFBC}") = "FTPSheep.Core", "src\FTPSheep.Core\FTPSheep.Core.csproj", "{85E92F1D-AE6B-4D79-807E-CF29B27D630F}"
EndProject
Project("{FAE04EC0-301F-11D3-BF4B-00C04F79EFBC}") = "FTPSheep.Protocols", "src\FTPSheep.Protocols\FTPSheep.Protocols.csproj", "{F91BEE62-9B58-4E55-8B58-3F1E007061A8}"
EndProject
Project("{FAE04EC0-301F-11D3-BF4B-00C04F79EFBC}") = "FTPSheep.BuildTools", "src\FTPSheep.BuildTools\FTPSheep.BuildTools.csproj", "{FF4D33ED-C198-442F-8AEF-65ED4102FDDE}"
EndProject
Project("{2150E333-8FDC-42A3-9474-1A3956D46DE8}") = "tests", "tests", "{0AB3BF05-4346-4AA6-1389-037BE0695223}"
EndProject
Project("{FAE04EC0-301F-11D3-BF4B-00C04F79EFBC}") = "FTPSheep.Tests", "tests\FTPSheep.Tests\FTPSheep.Tests.csproj", "{2EA777E8-B826-4B1E-9260-11BC074C0AE2}"
EndProject
Project("{FAE04EC0-301F-11D3-BF4B-00C04F79EFBC}") = "FTPSheep.IntegrationTests", "tests\FTPSheep.IntegrationTests\FTPSheep.IntegrationTests.csproj", "{A5824996-4E5A-49E2-8F4D-6BA3FBDD76AE}"
EndProject
Project("{2150E333-8FDC-42A3-9474-1A3956D46DE8}") = "Solution Items", "Solution Items", "{E956CC68-CD42-4CDD-9ADD-95AE30DB1E3E}"
	ProjectSection(SolutionItems) = preProject
		docs\plan.md = docs\plan.md
	EndProjectSection
EndProject
Project("{FAE04EC0-301F-11D3-BF4B-00C04F79EFBC}") = "FTPSheep.Utilities", "src\FTPSheep.Utilities\FTPSheep.Utilities.csproj", "{5481183B-A4F2-4D4C-BFEC-7CC1E3759D4A}"
EndProject
Project("{FAE04EC0-301F-11D3-BF4B-00C04F79EFBC}") = "FTPSheep.VisualStudio.Shared", "src\FTPSheep.VisualStudio.Shared\FTPSheep.VisualStudio.Shared.csproj", "{6B3408B3-8A0B-44CD-B165-BEEFFD0D5FA1}"
EndProject
Project("{FAE04EC0-301F-11D3-BF4B-00C04F79EFBC}") = "FTPSheep.VisualStudio", "src\FTPSheep.VisualStudio\FTPSheep.VisualStudio.csproj", "{4BC0D7D2-6689-4EDB-8326-4B4529720269}"
EndProject
Project("{FAE04EC0-301F-11D3-BF4B-00C04F79EFBC}") = "FTPSheep.VisualStudio.Modern", "src\FTPSheep.VisualStudio.Modern\FTPSheep.VisualStudio.Modern.csproj", "{9393A4F5-1612-3DE4-BB94-F8CF096A519F}"
EndProject
Global
	GlobalSection(SolutionConfigurationPlatforms) = preSolution
		Debug|Any CPU = Debug|Any CPU
		Debug|x64 = Debug|x64
		Debug|x86 = Debug|x86
		Release|Any CPU = Release|Any CPU
		Release|x64 = Release|x64
		Release|x86 = Release|x86
	EndGlobalSection
	GlobalSection(ProjectConfigurationPlatforms) = postSolution
		{23E03093-B249-4410-A145-6422495B82AD}.Debug|Any CPU.ActiveCfg = Debug|Any CPU
		{23E03093-B249-4410-A145-6422495B82AD}.Debug|Any CPU.Build.0 = Debug|Any CPU
		{23E03093-B249-4410-A145-6422495B82AD}.Debug|x64.ActiveCfg = Debug|Any CPU
		{23E03093-B249-4410-A145-6422495B82AD}.Debug|x64.Build.0 = Debug|Any CPU
		{23E03093-B249-4410-A145-6422495B82AD}.Debug|x86.ActiveCfg = Debug|Any CPU
		{23E03093-B249-4410-A145-6422495B82AD}.Debug|x86.Build.0 = Debug|Any CPU
		{23E03093-B249-4410-A145-6422495B82AD}.Release|Any CPU.ActiveCfg = Release|Any CPU
		{23E03093-B249-4410-A145-6422495B82AD}.Release|Any CPU.Build.0 = Release|Any CPU
		{23E03093-B249-4410-A145-6422495B82AD}.Release|x64.ActiveCfg = Release|Any CPU
		{23E03093-B249-4410-A145-6422495B82AD}.Release|x64.Build.0 = Release|Any CPU
		{23E03093-B249-4410-A145-6422495B82AD}.Release|x86.ActiveCfg = Release|Any CPU
		{23E03093-B249-4410-A145-6422495B82AD}.Release|x86.Build.0 = Release|Any CPU
		{85E92F1D-AE6B-4D79-807E-CF29B27D630F}.Debug|Any CPU.ActiveCfg = Debug|Any CPU
		{85E92F1D-AE6B-4D79-807E-CF29B27D630F}.Debug|Any CPU.Build.0 = Debug|Any CPU
		{85E92F1D-AE6B-4D79-807E-CF29B27D630F}.Debug|x64.ActiveCfg = Debug|Any CPU
		{85E92F1D-AE6B-4D79-807E-CF29B27D630F}.Debug|x64.Build.0 = Debug|Any CPU
		{85E92F1D-AE6B-4D79-807E-CF29B27D630F}.Debug|x86.ActiveCfg = Debug|Any CPU
		{85E92F1D-AE6B-4D79-807E-CF29B27D630F}.Debug|x86.Build.0 = Debug|Any CPU
		{85E92F1D-AE6B-4D79-807E-CF29B27D630F}.Release|Any CPU.ActiveCfg = Release|Any CPU
		{85E92F1D-AE6B-4D79-807E-CF29B27D630F}.Release|Any CPU.Build.0 = Release|Any CPU
		{85E92F1D-AE6B-4D79-807E-CF29B27D630F}.Release|x64.ActiveCfg = Release|Any CPU
		{85E92F1D-AE6B-4D79-807E-CF29B27D630F}.Release|x64.Build.0 = Release|Any CPU
		{85E92F1D-AE6B-4D79-807E-CF29B27D630F}.Release|x86.ActiveCfg = Release|Any CPU
		{85E92F1D-AE6B-4D79-807E-CF29B27D630F}.Release|x86.Build.0 = Release|Any CPU
		{F91BEE62-9B58-4E55-8B58-3F1E007061A8}.Debug|Any CPU.ActiveCfg = Debug|Any CPU
		{F91BEE62-9B58-4E55-8B58-3F1E007061A8}.Debug|Any CPU.Build.0 = Debug|Any CPU
		{F91BEE62-9B58-4E55-8B58-3F1E007061A8}.Debug|x64.ActiveCfg = Debug|Any CPU
		{F91BEE62-9B58-4E55-8B58-3F1E007061A8}.Debug|x64.Build.0 = Debug|Any CPU
		{F91BEE62-9B58-4E55-8B58-3F1E007061A8}.Debug|x86.ActiveCfg = Debug|Any CPU
		{F91BEE62-9B58-4E55-8B58-3F1E007061A8}.Debug|x86.Build.0 = Debug|Any CPU
		{F91BEE62-9B58-4E55-8B58-3F1E007061A8}.Release|Any CPU.ActiveCfg = Release|Any CPU
		{F91BEE62-9B58-4E55-8B58-3F1E007061A8}.Release|Any CPU.Build.0 = Release|Any CPU
		{F91BEE62-9B58-4E55-8B58-3F1E007061A8}.Release|x64.ActiveCfg = Release|Any CPU
		{F91BEE62-9B58-4E55-8B58-3F1E007061A8}.Release|x64.Build.0 = Release|Any CPU
		{F91BEE62-9B58-4E55-8B58-3F1E007061A8}.Release|x86.ActiveCfg = Release|Any CPU
		{F91BEE62-9B58-4E55-8B58-3F1E007061A8}.Release|x86.Build.0 = Release|Any CPU
		{FF4D33ED-C198-442F-8AEF-65ED4102FDDE}.Debug|Any CPU.ActiveCfg = Debug|Any CPU
		{FF4D33ED-C198-442F-8AEF-65ED4102FDDE}.Debug|Any CPU.Build.0 = Debug|Any CPU
		{FF4D33ED-C198-442F-8AEF-65ED4102FDDE}.Debug|x64.ActiveCfg = Debug|Any CPU
		{FF4D33ED-C198-442F-8AEF-65ED4102FDDE}.Debug|x64.Build.0 = Debug|Any CPU
		{FF4D33ED-C198-442F-8AEF-65ED4102FDDE}.Debug|x86.ActiveCfg = Debug|Any CPU
		{FF4D33ED-C198-442F-8AEF-65ED4102FDDE}.Debug|x86.Build.0 = Debug|Any CPU
		{FF4D33ED-C198-442F-8AEF-65ED4102FDDE}.Release|Any CPU.ActiveCfg = Release|Any CPU
		{FF4D33ED-C198-442F-8AEF-65ED4102FDDE}.Release|Any CPU.Build.0 = Release|Any CPU
		{FF4D33ED-C198-442F-8AEF-65ED4102FDDE}.Release|x64.ActiveCfg = Release|Any CPU
		{FF4D33ED-C198-442F-8AEF-65ED4102FDDE}.Release|x64.Build.0 = Release|Any CPU
		{FF4D33ED-C198-442F-8AEF-65ED4102FDDE}.Release|x86.ActiveCfg = Release|Any CPU
		{FF4D33ED-C198-442F-8AEF-65ED4102FDDE}.Release|x86.Build.0 = Release|Any CPU
		{2EA777E8-B826-4B1E-9260-11BC074C0AE2}.Debug|Any CPU.ActiveCfg = Debug|Any CPU
		{2EA777E8-B826-4B1E-9260-11BC074C0AE2}.Debug|Any CPU.Build.0 = Debug|Any CPU
		{2EA777E8-B826-4B1E-9260-11BC074C0AE2}.Debug|x64.ActiveCfg = Debug|Any CPU
		{2EA777E8-B826-4B1E-9260-11BC074C0AE2}.Debug|x64.Build.0 = Debug|Any CPU
		{2EA777E8-B826-4B1E-9260-11BC074C0AE2}.Debug|x86.ActiveCfg = Debug|Any CPU
		{2EA777E8-B826-4B1E-9260-11BC074C0AE2}.Debug|x86.Build.0 = Debug|Any CPU
		{2EA777E8-B826-4B1E-9260-11BC074C0AE2}.Release|Any CPU.ActiveCfg = Release|Any CPU
		{2EA777E8-B826-4B1E-9260-11BC074C0AE2}.Release|Any CPU.Build.0 = Release|Any CPU
		{2EA777E8-B826-4B1E-9260-11BC074C0AE2}.Release|x64.ActiveCfg = Release|Any CPU
		{2EA777E8-B826-4B1E-9260-11BC074C0AE2}.Release|x64.Build.0 = Release|Any CPU
		{2EA777E8-B826-4B1E-9260-11BC074C0AE2}.Release|x86.ActiveCfg = Release|Any CPU
		{2EA777E8-B826-4B1E-9260-11BC074C0AE2}.Release|x86.Build.0 = Release|Any CPU
		{A5824996-4E5A-49E2-8F4D-6BA3FBDD76AE}.Debug|Any CPU.ActiveCfg = Debug|Any CPU
		{A5824996-4E5A-49E2-8F4D-6BA3FBDD76AE}.Debug|Any CPU.Build.0 = Debug|Any CPU
		{A5824996-4E5A-49E2-8F4D-6BA3FBDD76AE}.Debug|x64.ActiveCfg = Debug|Any CPU
		{A5824996-4E5A-49E2-8F4D-6BA3FBDD76AE}.Debug|x64.Build.0 = Debug|Any CPU
		{A5824996-4E5A-49E2-8F4D-6BA3FBDD76AE}.Debug|x86.ActiveCfg = Debug|Any CPU
		{A5824996-4E5A-49E2-8F4D-6BA3FBDD76AE}.Debug|x86.Build.0 = Debug|Any CPU
		{A5824996-4E5A-49E2-8F4D-6BA3FBDD76AE}.Release|Any CPU.ActiveCfg = Release|Any CPU
		{A5824996-4E5A-49E2-8F4D-6BA3FBDD76AE}.Release|Any CPU.Build.0 = Release|Any CPU
		{A5824996-4E5A-49E2-8F4D-6BA3FBDD76AE}.Release|x64.ActiveCfg = Release|Any CPU
		{A5824996-4E5A-49E2-8F4D-6BA3FBDD76AE}.Release|x64.Build.0 = Release|Any CPU
		{A5824996-4E5A-49E2-8F4D-6BA3FBDD76AE}.Release|x86.ActiveCfg = Release|Any CPU
		{A5824996-4E5A-49E2-8F4D-6BA3FBDD76AE}.Release|x86.Build.0 = Release|Any CPU
		{5481183B-A4F2-4D4C-BFEC-7CC1E3759D4A}.Debug|Any CPU.ActiveCfg = Debug|Any CPU
		{5481183B-A4F2-4D4C-BFEC-7CC1E3759D4A}.Debug|Any CPU.Build.0 = Debug|Any CPU
		{5481183B-A4F2-4D4C-BFEC-7CC1E3759D4A}.Debug|x64.ActiveCfg = Debug|Any CPU
		{5481183B-A4F2-4D4C-BFEC-7CC1E3759D4A}.Debug|x64.Build.0 = Debug|Any CPU
		{5481183B-A4F2-4D4C-BFEC-7CC1E3759D4A}.Debug|x86.ActiveCfg = Debug|Any CPU
		{5481183B-A4F2-4D4C-BFEC-7CC1E3759D4A}.Debug|x86.Build.0 = Debug|Any CPU
		{5481183B-A4F2-4D4C-BFEC-7CC1E3759D4A}.Release|Any CPU.ActiveCfg = Release|Any CPU
		{5481183B-A4F2-4D4C-BFEC-7CC1E3759D4A}.Release|Any CPU.Build.0 = Release|Any CPU
		{5481183B-A4F2-4D4C-BFEC-7CC1E3759D4A}.Release|x64.ActiveCfg = Release|Any CPU
		{5481183B-A4F2-4D4C-BFEC-7CC1E3759D4A}.Release|x64.Build.0 = Release|Any CPU
		{5481183B-A4F2-4D4C-BFEC-7CC1E3759D4A}.Release|x86.ActiveCfg = Release|Any CPU
		{5481183B-A4F2-4D4C-BFEC-7CC1E3759D4A}.Release|x86.Build.0 = Release|Any CPU
		{6B3408B3-8A0B-44CD-B165-BEEFFD0D5FA1}.Debug|Any CPU.ActiveCfg = Debug|Any CPU
		{6B3408B3-8A0B-44CD-B165-BEEFFD0D5FA1}.Debug|Any CPU.Build.0 = Debug|Any CPU
		{6B3408B3-8A0B-44CD-B165-BEEFFD0D5FA1}.Debug|x64.ActiveCfg = Debug|Any CPU
		{6B3408B3-8A0B-44CD-B165-BEEFFD0D5FA1}.Debug|x64.Build.0 = Debug|Any CPU
		{6B3408B3-8A0B-44CD-B165-BEEFFD0D5FA1}.Debug|x86.ActiveCfg = Debug|Any CPU
		{6B3408B3-8A0B-44CD-B165-BEEFFD0D5FA1}.Debug|x86.Build.0 = Debug|Any CPU
		{6B3408B3-8A0B-44CD-B165-BEEFFD0D5FA1}.Release|Any CPU.ActiveCfg = Release|Any CPU
		{6B3408B3-8A0B-44CD-B165-BEEFFD0D5FA1}.Release|Any CPU.Build.0 = Release|Any CPU
		{6B3408B3-8A0B-44CD-B165-BEEFFD0D5FA1}.Release|x64.ActiveCfg = Release|Any CPU
		{6B3408B3-8A0B-44CD-B165-BEEFFD0D5FA1}.Release|x64.Build.0 = Release|Any CPU
		{6B3408B3-8A0B-44CD-B165-BEEFFD0D5FA1}.Release|x86.ActiveCfg = Release|Any CPU
		{6B3408B3-8A0B-44CD-B165-BEEFFD0D5FA1}.Release|x86.Build.0 = Release|Any CPU
		{4BC0D7D2-6689-4EDB-8326-4B4529720269}.Debug|Any CPU.ActiveCfg = Debug|Any CPU
		{4BC0D7D2-6689-4EDB-8326-4B4529720269}.Debug|Any CPU.Build.0 = Debug|Any CPU
		{4BC0D7D2-6689-4EDB-8326-4B4529720269}.Debug|x64.ActiveCfg = Debug|Any CPU
		{4BC0D7D2-6689-4EDB-8326-4B4529720269}.Debug|x64.Build.0 = Debug|Any CPU
		{4BC0D7D2-6689-4EDB-8326-4B4529720269}.Debug|x86.ActiveCfg = Debug|Any CPU
		{4BC0D7D2-6689-4EDB-8326-4B4529720269}.Debug|x86.Build.0 = Debug|Any CPU
		{4BC0D7D2-6689-4EDB-8326-4B4529720269}.Release|Any CPU.ActiveCfg = Release|Any CPU
		{4BC0D7D2-6689-4EDB-8326-4B4529720269}.Release|Any CPU.Build.0 = Release|Any CPU
		{4BC0D7D2-6689-4EDB-8326-4B4529720269}.Release|x64.ActiveCfg = Release|Any CPU
		{4BC0D7D2-6689-4EDB-8326-4B4529720269}.Release|x64.Build.0 = Release|Any CPU
		{4BC0D7D2-6689-4EDB-8326-4B4529720269}.Release|x86.ActiveCfg = Release|Any CPU
		{4BC0D7D2-6689-4EDB-8326-4B4529720269}.Release|x86.Build.0 = Release|Any CPU
		{9393A4F5-1612-3DE4-BB94-F8CF096A519F}.Debug|Any CPU.ActiveCfg = Debug|Any CPU
		{9393A4F5-1612-3DE4-BB94-F8CF096A519F}.Debug|Any CPU.Build.0 = Debug|Any CPU
		{9393A4F5-1612-3DE4-BB94-F8CF096A519F}.Debug|x64.ActiveCfg = Debug|Any CPU
		{9393A4F5-1612-3DE4-BB94-F8CF096A519F}.Debug|x64.Build.0 = Debug|Any CPU
		{9393A4F5-1612-3DE4-BB94-F8CF096A519F}.Debug|x86.ActiveCfg = Debug|Any CPU
		{9393A4F5-1612-3DE4-BB94-F8CF096A519F}.Debug|x86.Build.0 = Debug|Any CPU
		{9393A4F5-1612-3DE4-BB94-F8CF096A519F}.Release|Any CPU.ActiveCfg = Release|Any CPU
		{9393A4F5-1612-3DE4-BB94-F8CF096A519F}.Release|Any CPU.Build.0 = Release|Any CPU
		{9393A4F5-1612-3DE4-BB94-F8CF096A519F}.Release|x64.ActiveCfg = Release|Any CPU
		{9393A4F5-1612-3DE4-BB94-F8CF096A519F}.Release|x64.Build.0 = Release|Any CPU
		{9393A4F5-1612-3DE4-BB94-F8CF096A519F}.Release|x86.ActiveCfg = Release|Any CPU
		{9393A4F5-1612-3DE4-BB94-F8CF096A519F}.Release|x86.Build.0 = Release|Any CPU
	EndGlobalSection
	GlobalSection(SolutionProperties) = preSolution
		HideSolutionNode = FALSE
	EndGlobalSection
	GlobalSection(NestedProjects) = preSolution
		{23E03093-B249-4410-A145-6422495B82AD} = {827E0CD3-B72D-47B6-A68D-7590B98EB39B}
		{85E92F1D-AE6B-4D79-807E-CF29B27D630F} = {827E0CD3-B72D-47B6-A68D-7590B98EB39B}
		{F91BEE62-9B58-4E55-8B58-3F1E007061A8} = {827E0CD3-B72D-47B6-A68D-7590B98EB39B}
		{FF4D33ED-C198-442F-8AEF-65ED4102FDDE} = {827E0CD3-B72D-47B6-A68D-7590B98EB39B}
		{2EA777E8-B826-4B1E-9260-11BC074C0AE2} = {0AB3BF05-4346-4AA6-1389-037BE0695223}
		{A5824996-4E5A-49E2-8F4D-6BA3FBDD76AE} = {0AB3BF05-4346-4AA6-1389-037BE0695223}
		{5481183B-A4F2-4D4C-BFEC-7CC1E3759D4A} = {827E0CD3-B72D-47B6-A68D-7590B98EB39B}
		{6B3408B3-8A0B-44CD-B165-BEEFFD0D5FA1} = {827E0CD3-B72D-47B6-A68D-7590B98EB39B}
		{4BC0D7D2-6689-4EDB-8326-4B4529720269} = {827E0CD3-B72D-47B6-A68D-7590B98EB39B}
		{9393A4F5-1612-3DE4-BB94-F8CF096A519F} = {827E0CD3-B72D-47B6-A68D-7590B98EB39B}
	EndGlobalSection
	GlobalSection(ExtensibilityGlobals) = postSolution
		SolutionGuid = {BBC6332F-F867-4133-88AF-5CD7CCFBCC51}
	EndGlobalSection
EndGlobal
